
Microsoft Visual Studio Solution File, Format Version 12.00
# Visual Studio Version 17
VisualStudioVersion = 17.7.34031.279
MinimumVisualStudioVersion = 10.0.40219.1
Project("{9A19103F-16F7-4668-BE54-9A1E7A4F7556}") = "University", "University.csproj", "{866A8820-DE5A-4ABA-A7AC-0D89D8A40F46}"
EndProject
Global
	GlobalSection(SolutionConfigurationPlatforms) = preSolution
		Debug|Any CPU = Debug|Any CPU
		Release|Any CPU = Release|Any CPU
	EndGlobalSection
	GlobalSection(ProjectConfigurationPlatforms) = postSolution
		{866A8820-DE5A-4ABA-A7AC-0D89D8A40F46}.Debug|Any CPU.ActiveCfg = Debug|Any CPU
		{866A8820-DE5A-4ABA-A7AC-0D89D8A40F46}.Debug|Any CPU.Build.0 = Debug|Any CPU
		{866A8820-DE5A-4ABA-A7AC-0D89D8A40F46}.Release|Any CPU.ActiveCfg = Release|Any CPU
		{866A8820-DE5A-4ABA-A7AC-0D89D8A40F46}.Release|Any CPU.Build.0 = Release|Any CPU
	EndGlobalSection
	GlobalSection(SolutionProperties) = preSolution
		HideSolutionNode = FALSE
	EndGlobalSection
	GlobalSection(ExtensibilityGlobals) = postSolution
		SolutionGuid = {392CCB5D-1442-40E6-92F6-81A0E2CFAB09}
	EndGlobalSection
EndGlobal
